// !$*UTF8*$!
{
	archiveVersion = 1;
	classes = {
	};
	objectVersion = 56;
	objects = {

/* Begin PBXBuildFile section */
		CF022D8D2A87D39D00653800 /* QuizBrain.swift in Sources */ = {isa = PBXBuildFile; fileRef = CF022D8C2A87D39D00653800 /* QuizBrain.swift */; };
		CF5400D92A86BCC30058A532 /* Question.swift in Sources */ = {isa = PBXBuildFile; fileRef = CF5400D82A86BCC30058A532 /* Question.swift */; };
		CF5400DB2A86C1C90058A532 /* Constants.swift in Sources */ = {isa = PBXBuildFile; fileRef = CF5400DA2A86C1C90058A532 /* Constants.swift */; };
		CF6F57282A81651900DD5585 /* AppDelegate.swift in Sources */ = {isa = PBXBuildFile; fileRef = CF6F57272A81651900DD5585 /* AppDelegate.swift */; };
		CF6F572A2A81651900DD5585 /* SceneDelegate.swift in Sources */ = {isa = PBXBuildFile; fileRef = CF6F57292A81651900DD5585 /* SceneDelegate.swift */; };
		CF6F572C2A81651900DD5585 /* ViewController.swift in Sources */ = {isa = PBXBuildFile; fileRef = CF6F572B2A81651900DD5585 /* ViewController.swift */; };
		CF6F572F2A81651900DD5585 /* Main.storyboard in Resources */ = {isa = PBXBuildFile; fileRef = CF6F572D2A81651900DD5585 /* Main.storyboard */; };
		CF6F57312A81651A00DD5585 /* Assets.xcassets in Resources */ = {isa = PBXBuildFile; fileRef = CF6F57302A81651A00DD5585 /* Assets.xcassets */; };
		CF6F57342A81651A00DD5585 /* LaunchScreen.storyboard in Resources */ = {isa = PBXBuildFile; fileRef = CF6F57322A81651A00DD5585 /* LaunchScreen.storyboard */; };
/* End PBXBuildFile section */

/* Begin PBXFileReference section */
		CF022D8C2A87D39D00653800 /* QuizBrain.swift */ = {isa = PBXFileReference; lastKnownFileType = sourcecode.swift; path = QuizBrain.swift; sourceTree = "<group>"; };
		CF5400D82A86BCC30058A532 /* Question.swift */ = {isa = PBXFileReference; lastKnownFileType = sourcecode.swift; path = Question.swift; sourceTree = "<group>"; };
		CF5400DA2A86C1C90058A532 /* Constants.swift */ = {isa = PBXFileReference; lastKnownFileType = sourcecode.swift; path = Constants.swift; sourceTree = "<group>"; };
		CF6F57242A81651900DD5585 /* qizzApp.app */ = {isa = PBXFileReference; explicitFileType = wrapper.application; includeInIndex = 0; path = qizzApp.app; sourceTree = BUILT_PRODUCTS_DIR; };
		CF6F57272A81651900DD5585 /* AppDelegate.swift */ = {isa = PBXFileReference; lastKnownFileType = sourcecode.swift; path = AppDelegate.swift; sourceTree = "<group>"; };
		CF6F57292A81651900DD5585 /* SceneDelegate.swift */ = {isa = PBXFileReference; lastKnownFileType = sourcecode.swift; path = SceneDelegate.swift; sourceTree = "<group>"; };
		CF6F572B2A81651900DD5585 /* ViewController.swift */ = {isa = PBXFileReference; lastKnownFileType = sourcecode.swift; path = ViewController.swift; sourceTree = "<group>"; };
		CF6F572E2A81651900DD5585 /* Base */ = {isa = PBXFileReference; lastKnownFileType = file.storyboard; name = Base; path = Base.lproj/Main.storyboard; sourceTree = "<group>"; };
		CF6F57302A81651A00DD5585 /* Assets.xcassets */ = {isa = PBXFileReference; lastKnownFileType = folder.assetcatalog; path = Assets.xcassets; sourceTree = "<group>"; };
		CF6F57332A81651A00DD5585 /* Base */ = {isa = PBXFileReference; lastKnownFileType = file.storyboard; name = Base; path = Base.lproj/LaunchScreen.storyboard; sourceTree = "<group>"; };
		CF6F57352A81651A00DD5585 /* Info.plist */ = {isa = PBXFileReference; lastKnownFileType = text.plist.xml; path = Info.plist; sourceTree = "<group>"; };
/* End PBXFileReference section */

/* Begin PBXFrameworksBuildPhase section */
		CF6F57212A81651900DD5585 /* Frameworks */ = {
			isa = PBXFrameworksBuildPhase;
			buildActionMask = 2147483647;
			files = (
			);
			runOnlyForDeploymentPostprocessing = 0;
		};
/* End PBXFrameworksBuildPhase section */

/* Begin PBXGroup section */
		CF022D892A87D20F00653800 /* View */ = {
			isa = PBXGroup;
			children = (
				CF6F572D2A81651900DD5585 /* Main.storyboard */,
			);
			path = View;
			sourceTree = "<group>";
		};
		CF022D8A2A87D22C00653800 /* Model */ = {
			isa = PBXGroup;
			children = (
				CF5400D82A86BCC30058A532 /* Question.swift */,
				CF022D8C2A87D39D00653800 /* QuizBrain.swift */,
			);
			path = Model;
			sourceTree = "<group>";
		};
		CF022D8B2A87D24500653800 /* Controller */ = {
			isa = PBXGroup;
			children = (
				CF6F572B2A81651900DD5585 /* ViewController.swift */,
			);
			path = Controller;
			sourceTree = "<group>";
		};
		CF6F571B2A81651900DD5585 = {
			isa = PBXGroup;
			children = (
				CF6F57262A81651900DD5585 /* qizzApp */,
				CF6F57252A81651900DD5585 /* Products */,
			);
			sourceTree = "<group>";
		};
		CF6F57252A81651900DD5585 /* Products */ = {
			isa = PBXGroup;
			children = (
				CF6F57242A81651900DD5585 /* qizzApp.app */,
			);
			name = Products;
			sourceTree = "<group>";
		};
		CF6F57262A81651900DD5585 /* qizzApp */ = {
			isa = PBXGroup;
			children = (
				CF6F57272A81651900DD5585 /* AppDelegate.swift */,
				CF6F57292A81651900DD5585 /* SceneDelegate.swift */,
				CF022D8A2A87D22C00653800 /* Model */,
				CF022D892A87D20F00653800 /* View */,
				CF022D8B2A87D24500653800 /* Controller */,
				CF5400DA2A86C1C90058A532 /* Constants.swift */,
				CF6F57302A81651A00DD5585 /* Assets.xcassets */,
				CF6F57322A81651A00DD5585 /* LaunchScreen.storyboard */,
				CF6F57352A81651A00DD5585 /* Info.plist */,
			);
			path = qizzApp;
			sourceTree = "<group>";
		};
/* End PBXGroup section */

/* Begin PBXNativeTarget section */
		CF6F57232A81651900DD5585 /* qizzApp */ = {
			isa = PBXNativeTarget;
			buildConfigurationList = CF6F57382A81651A00DD5585 /* Build configuration list for PBXNativeTarget "qizzApp" */;
			buildPhases = (
				CF6F57202A81651900DD5585 /* Sources */,
				CF6F57212A81651900DD5585 /* Frameworks */,
				CF6F57222A81651900DD5585 /* Resources */,
			);
			buildRules = (
			);
			dependencies = (
			);
			name = qizzApp;
			productName = qizzApp;
			productReference = CF6F57242A81651900DD5585 /* qizzApp.app */;
			productType = "com.apple.product-type.application";
		};
/* End PBXNativeTarget section */

/* Begin PBXProject section */
		CF6F571C2A81651900DD5585 /* Project object */ = {
			isa = PBXProject;
			attributes = {
				BuildIndependentTargetsInParallel = 1;
				LastSwiftUpdateCheck = 1430;
				LastUpgradeCheck = 1430;
				TargetAttributes = {
					CF6F57232A81651900DD5585 = {
						CreatedOnToolsVersion = 14.3.1;
					};
				};
			};
			buildConfigurationList = CF6F571F2A81651900DD5585 /* Build configuration list for PBXProject "qizzApp" */;
			compatibilityVersion = "Xcode 14.0";
			developmentRegion = en;
			hasScannedForEncodings = 0;
			knownRegions = (
				en,
				Base,
			);
			mainGroup = CF6F571B2A81651900DD5585;
			productRefGroup = CF6F57252A81651900DD5585 /* Products */;
			projectDirPath = "";
			projectRoot = "";
			targets = (
				CF6F57232A81651900DD5585 /* qizzApp */,
			);
		};
/* End PBXProject section */

/* Begin PBXResourcesBuildPhase section */
		CF6F57222A81651900DD5585 /* Resources */ = {
			isa = PBXResourcesBuildPhase;
			buildActionMask = 2147483647;
			files = (
				CF6F57342A81651A00DD5585 /* LaunchScreen.storyboard in Resources */,
				CF6F57312A81651A00DD5585 /* Assets.xcassets in Resources */,
				CF6F572F2A81651900DD5585 /* Main.storyboard in Resources */,
			);
			runOnlyForDeploymentPostprocessing = 0;
		};
/* End PBXResourcesBuildPhase section */

/* Begin PBXSourcesBuildPhase section */
		CF6F57202A81651900DD5585 /* Sources */ = {
			isa = PBXSourcesBuildPhase;
			buildActionMask = 2147483647;
			files = (
				CF5400DB2A86C1C90058A532 /* Constants.swift in Sources */,
				CF6F572C2A81651900DD5585 /* ViewController.swift in Sources */,
				CF5400D92A86BCC30058A532 /* Question.swift in Sources */,
				CF022D8D2A87D39D00653800 /* QuizBrain.swift in Sources */,
				CF6F57282A81651900DD5585 /* AppDelegate.swift in Sources */,
				CF6F572A2A81651900DD5585 /* SceneDelegate.swift in Sources */,
			);
			runOnlyForDeploymentPostprocessing = 0;
		};
/* End PBXSourcesBuildPhase section */

/* Begin PBXVariantGroup section */
		CF6F572D2A81651900DD5585 /* Main.storyboard */ = {
			isa = PBXVariantGroup;
			children = (
				CF6F572E2A81651900DD5585 /* Base */,
			);
			name = Main.storyboard;
			sourceTree = "<group>";
		};
		CF6F57322A81651A00DD5585 /* LaunchScreen.storyboard */ = {
			isa = PBXVariantGroup;
			children = (
				CF6F57332A81651A00DD5585 /* Base */,
			);
			name = LaunchScreen.storyboard;
			sourceTree = "<group>";
		};
/* End PBXVariantGroup section */

/* Begin XCBuildConfiguration section */
		CF6F57362A81651A00DD5585 /* Debug */ = {
			isa = XCBuildConfiguration;
			buildSettings = {
				ALWAYS_SEARCH_USER_PATHS = NO;
				CLANG_ANALYZER_NONNULL = YES;
				CLANG_ANALYZER_NUMBER_OBJECT_CONVERSION = YES_AGGRESSIVE;
				CLANG_CXX_LANGUAGE_STANDARD = "gnu++20";
				CLANG_ENABLE_MODULES = YES;
				CLANG_ENABLE_OBJC_ARC = YES;
				CLANG_ENABLE_OBJC_WEAK = YES;
				CLANG_WARN_BLOCK_CAPTURE_AUTORELEASING = YES;
				CLANG_WARN_BOOL_CONVERSION = YES;
				CLANG_WARN_COMMA = YES;
				CLANG_WARN_CONSTANT_CONVERSION = YES;
				CLANG_WARN_DEPRECATED_OBJC_IMPLEMENTATIONS = YES;
				CLANG_WARN_DIRECT_OBJC_ISA_USAGE = YES_ERROR;
				CLANG_WARN_DOCUMENTATION_COMMENTS = YES;
				CLANG_WARN_EMPTY_BODY = YES;
				CLANG_WARN_ENUM_CONVERSION = YES;
				CLANG_WARN_INFINITE_RECURSION = YES;
				CLANG_WARN_INT_CONVERSION = YES;
				CLANG_WARN_NON_LITERAL_NULL_CONVERSION = YES;
				CLANG_WARN_OBJC_IMPLICIT_RETAIN_SELF = YES;
				CLANG_WARN_OBJC_LITERAL_CONVERSION = YES;
				CLANG_WARN_OBJC_ROOT_CLASS = YES_ERROR;
				CLANG_WARN_QUOTED_INCLUDE_IN_FRAMEWORK_HEADER = YES;
				CLANG_WARN_RANGE_LOOP_ANALYSIS = YES;
				CLANG_WARN_STRICT_PROTOTYPES = YES;
				CLANG_WARN_SUSPICIOUS_MOVE = YES;
				CLANG_WARN_UNGUARDED_AVAILABILITY = YES_AGGRESSIVE;
				CLANG_WARN_UNREACHABLE_CODE = YES;
				CLANG_WARN__DUPLICATE_METHOD_MATCH = YES;
				COPY_PHASE_STRIP = NO;
				DEBUG_INFORMATION_FORMAT = dwarf;
				ENABLE_STRICT_OBJC_MSGSEND = YES;
				ENABLE_TESTABILITY = YES;
				GCC_C_LANGUAGE_STANDARD = gnu11;
				GCC_DYNAMIC_NO_PIC = NO;
				GCC_NO_COMMON_BLOCKS = YES;
				GCC_OPTIMIZATION_LEVEL = 0;
				GCC_PREPROCESSOR_DEFINITIONS = (
					"DEBUG=1",
					"$(inherited)",
				);
				GCC_WARN_64_TO_32_BIT_CONVERSION = YES;
				GCC_WARN_ABOUT_RETURN_TYPE = YES_ERROR;
				GCC_WARN_UNDECLARED_SELECTOR = YES;
				GCC_WARN_UNINITIALIZED_AUTOS = YES_AGGRESSIVE;
				GCC_WARN_UNUSED_FUNCTION = YES;
				GCC_WARN_UNUSED_VARIABLE = YES;
				IPHONEOS_DEPLOYMENT_TARGET = 16.4;
				MTL_ENABLE_DEBUG_INFO = INCLUDE_SOURCE;
				MTL_FAST_MATH = YES;
				ONLY_ACTIVE_ARCH = YES;
				SDKROOT = iphoneos;
				SWIFT_ACTIVE_COMPILATION_CONDITIONS = DEBUG;
				SWIFT_OPTIMIZATION_LEVEL = "-Onone";
			};
			name = Debug;
		};
		CF6F57372A81651A00DD5585 /* Release */ = {
			isa = XCBuildConfiguration;
			buildSettings = {
				ALWAYS_SEARCH_USER_PATHS = NO;
				CLANG_ANALYZER_NONNULL = YES;
				CLANG_ANALYZER_NUMBER_OBJECT_CONVERSION = YES_AGGRESSIVE;
				CLANG_CXX_LANGUAGE_STANDARD = "gnu++20";
				CLANG_ENABLE_MODULES = YES;
				CLANG_ENABLE_OBJC_ARC = YES;
				CLANG_ENABLE_OBJC_WEAK = YES;
				CLANG_WARN_BLOCK_CAPTURE_AUTORELEASING = YES;
				CLANG_WARN_BOOL_CONVERSION = YES;
				CLANG_WARN_COMMA = YES;
				CLANG_WARN_CONSTANT_CONVERSION = YES;
				CLANG_WARN_DEPRECATED_OBJC_IMPLEMENTATIONS = YES;
				CLANG_WARN_DIRECT_OBJC_ISA_USAGE = YES_ERROR;
				CLANG_WARN_DOCUMENTATION_COMMENTS = YES;
				CLANG_WARN_EMPTY_BODY = YES;
				CLANG_WARN_ENUM_CONVERSION = YES;
				CLANG_WARN_INFINITE_RECURSION = YES;
				CLANG_WARN_INT_CONVERSION = YES;
				CLANG_WARN_NON_LITERAL_NULL_CONVERSION = YES;
				CLANG_WARN_OBJC_IMPLICIT_RETAIN_SELF = YES;
				CLANG_WARN_OBJC_LITERAL_CONVERSION = YES;
				CLANG_WARN_OBJC_ROOT_CLASS = YES_ERROR;
				CLANG_WARN_QUOTED_INCLUDE_IN_FRAMEWORK_HEADER = YES;
				CLANG_WARN_RANGE_LOOP_ANALYSIS = YES;
				CLANG_WARN_STRICT_PROTOTYPES = YES;
				CLANG_WARN_SUSPICIOUS_MOVE = YES;
				CLANG_WARN_UNGUARDED_AVAILABILITY = YES_AGGRESSIVE;
				CLANG_WARN_UNREACHABLE_CODE = YES;
				CLANG_WARN__DUPLICATE_METHOD_MATCH = YES;
				COPY_PHASE_STRIP = NO;
				DEBUG_INFORMATION_FORMAT = "dwarf-with-dsym";
				ENABLE_NS_ASSERTIONS = NO;
				ENABLE_STRICT_OBJC_MSGSEND = YES;
				GCC_C_LANGUAGE_STANDARD = gnu11;
				GCC_NO_COMMON_BLOCKS = YES;
				GCC_WARN_64_TO_32_BIT_CONVERSION = YES;
				GCC_WARN_ABOUT_RETURN_TYPE = YES_ERROR;
				GCC_WARN_UNDECLARED_SELECTOR = YES;
				GCC_WARN_UNINITIALIZED_AUTOS = YES_AGGRESSIVE;
				GCC_WARN_UNUSED_FUNCTION = YES;
				GCC_WARN_UNUSED_VARIABLE = YES;
				IPHONEOS_DEPLOYMENT_TARGET = 16.4;
				MTL_ENABLE_DEBUG_INFO = NO;
				MTL_FAST_MATH = YES;
				SDKROOT = iphoneos;
				SWIFT_COMPILATION_MODE = wholemodule;
				SWIFT_OPTIMIZATION_LEVEL = "-O";
				VALIDATE_PRODUCT = YES;
			};
			name = Release;
		};
		CF6F57392A81651A00DD5585 /* Debug */ = {
			isa = XCBuildConfiguration;
			buildSettings = {
				ASSETCATALOG_COMPILER_APPICON_NAME = AppIcon;
				ASSETCATALOG_COMPILER_GLOBAL_ACCENT_COLOR_NAME = AccentColor;
				CODE_SIGN_STYLE = Automatic;
				CURRENT_PROJECT_VERSION = 1;
				DEVELOPMENT_TEAM = SZDN98SNQC;
				GENERATE_INFOPLIST_FILE = YES;
				INFOPLIST_FILE = qizzApp/Info.plist;
				INFOPLIST_KEY_UIApplicationSupportsIndirectInputEvents = YES;
				INFOPLIST_KEY_UILaunchStoryboardName = LaunchScreen;
				INFOPLIST_KEY_UIMainStoryboardFile = Main;
				INFOPLIST_KEY_UISupportedInterfaceOrientations_iPad = "UIInterfaceOrientationPortrait UIInterfaceOrientationPortraitUpsideDown UIInterfaceOrientationLandscapeLeft UIInterfaceOrientationLandscapeRight";
				INFOPLIST_KEY_UISupportedInterfaceOrientations_iPhone = "UIInterfaceOrientationPortrait UIInterfaceOrientationLandscapeLeft UIInterfaceOrientationLandscapeRight";
				LD_RUNPATH_SEARCH_PATHS = (
					"$(inherited)",
					"@executable_path/Frameworks",
				);
				MARKETING_VERSION = 1.0;
				PRODUCT_BUNDLE_IDENTIFIER = com.aswin.qizzApp;
				PRODUCT_NAME = "$(TARGET_NAME)";
				SWIFT_EMIT_LOC_STRINGS = YES;
				SWIFT_VERSION = 5.0;
				TARGETED_DEVICE_FAMILY = "1,2";
			};
			name = Debug;
		};
		CF6F573A2A81651A00DD5585 /* Release */ = {
			isa = XCBuildConfiguration;
			buildSettings = {
				ASSETCATALOG_COMPILER_APPICON_NAME = AppIcon;
				ASSETCATALOG_COMPILER_GLOBAL_ACCENT_COLOR_NAME = AccentColor;
				CODE_SIGN_STYLE = Automatic;
				CURRENT_PROJECT_VERSION = 1;
				DEVELOPMENT_TEAM = SZDN98SNQC;
				GENERATE_INFOPLIST_FILE = YES;
				INFOPLIST_FILE = qizzApp/Info.plist;
				INFOPLIST_KEY_UIApplicationSupportsIndirectInputEvents = YES;
				INFOPLIST_KEY_UILaunchStoryboardName = LaunchScreen;
				INFOPLIST_KEY_UIMainStoryboardFile = Main;
				INFOPLIST_KEY_UISupportedInterfaceOrientations_iPad = "UIInterfaceOrientationPortrait UIInterfaceOrientationPortraitUpsideDown UIInterfaceOrientationLandscapeLeft UIInterfaceOrientationLandscapeRight";
				INFOPLIST_KEY_UISupportedInterfaceOrientations_iPhone = "UIInterfaceOrientationPortrait UIInterfaceOrientationLandscapeLeft UIInterfaceOrientationLandscapeRight";
				LD_RUNPATH_SEARCH_PATHS = (
					"$(inherited)",
					"@executable_path/Frameworks",
				);
				MARKETING_VERSION = 1.0;
				PRODUCT_BUNDLE_IDENTIFIER = com.aswin.qizzApp;
				PRODUCT_NAME = "$(TARGET_NAME)";
				SWIFT_EMIT_LOC_STRINGS = YES;
				SWIFT_VERSION = 5.0;
				TARGETED_DEVICE_FAMILY = "1,2";
			};
			name = Release;
		};
/* End XCBuildConfiguration section */

/* Begin XCConfigurationList section */
		CF6F571F2A81651900DD5585 /* Build configuration list for PBXProject "qizzApp" */ = {
			isa = XCConfigurationList;
			buildConfigurations = (
				CF6F57362A81651A00DD5585 /* Debug */,
				CF6F57372A81651A00DD5585 /* Release */,
			);
			defaultConfigurationIsVisible = 0;
			defaultConfigurationName = Release;
		};
		CF6F57382A81651A00DD5585 /* Build configuration list for PBXNativeTarget "qizzApp" */ = {
			isa = XCConfigurationList;
			buildConfigurations = (
				CF6F57392A81651A00DD5585 /* Debug */,
				CF6F573A2A81651A00DD5585 /* Release */,
			);
			defaultConfigurationIsVisible = 0;
			defaultConfigurationName = Release;
		};
/* End XCConfigurationList section */
	};
	rootObject = CF6F571C2A81651900DD5585 /* Project object */;
}
